// !$*UTF8*$!
{
	archiveVersion = 1;
	classes = {
	};
	objectVersion = 55;
	objects = {

/* Begin PBXBuildFile section */
		8FCE97FE2768629200726A7F /* AppDelegate.swift in Sources */ = {isa = PBXBuildFile; fileRef = 8FCE97FD2768629200726A7F /* AppDelegate.swift */; };
		8FCE98002768629200726A7F /* SceneDelegate.swift in Sources */ = {isa = PBXBuildFile; fileRef = 8FCE97FF2768629200726A7F /* SceneDelegate.swift */; };
		8FCE98022768629200726A7F /* ViewController.swift in Sources */ = {isa = PBXBuildFile; fileRef = 8FCE98012768629200726A7F /* ViewController.swift */; };
		8FCE98052768629200726A7F /* Main.storyboard in Resources */ = {isa = PBXBuildFile; fileRef = 8FCE98032768629200726A7F /* Main.storyboard */; };
		8FCE98072768629700726A7F /* Assets.xcassets in Resources */ = {isa = PBXBuildFile; fileRef = 8FCE98062768629700726A7F /* Assets.xcassets */; };
		8FCE980A2768629700726A7F /* LaunchScreen.storyboard in Resources */ = {isa = PBXBuildFile; fileRef = 8FCE98082768629700726A7F /* LaunchScreen.storyboard */; };
		8FCE98152768629700726A7F /* Project7Tests.swift in Sources */ = {isa = PBXBuildFile; fileRef = 8FCE98142768629700726A7F /* Project7Tests.swift */; };
		8FCE981F2768629700726A7F /* Project7UITests.swift in Sources */ = {isa = PBXBuildFile; fileRef = 8FCE981E2768629700726A7F /* Project7UITests.swift */; };
		8FCE98212768629700726A7F /* Project7UITestsLaunchTests.swift in Sources */ = {isa = PBXBuildFile; fileRef = 8FCE98202768629700726A7F /* Project7UITestsLaunchTests.swift */; };
		8FCE982E276865A700726A7F /* petition.swift in Sources */ = {isa = PBXBuildFile; fileRef = 8FCE982D276865A700726A7F /* petition.swift */; };
		8FCE98302768662D00726A7F /* Petitions.swift in Sources */ = {isa = PBXBuildFile; fileRef = 8FCE982F2768662D00726A7F /* Petitions.swift */; };
/* End PBXBuildFile section */

/* Begin PBXContainerItemProxy section */
		8FCE98112768629700726A7F /* PBXContainerItemProxy */ = {
			isa = PBXContainerItemProxy;
			containerPortal = 8FCE97F22768629200726A7F /* Project object */;
			proxyType = 1;
			remoteGlobalIDString = 8FCE97F92768629200726A7F;
			remoteInfo = Project7;
		};
		8FCE981B2768629700726A7F /* PBXContainerItemProxy */ = {
			isa = PBXContainerItemProxy;
			containerPortal = 8FCE97F22768629200726A7F /* Project object */;
			proxyType = 1;
			remoteGlobalIDString = 8FCE97F92768629200726A7F;
			remoteInfo = Project7;
		};
/* End PBXContainerItemProxy section */

/* Begin PBXFileReference section */
		8FCE97FA2768629200726A7F /* Project7.app */ = {isa = PBXFileReference; explicitFileType = wrapper.application; includeInIndex = 0; path = Project7.app; sourceTree = BUILT_PRODUCTS_DIR; };
		8FCE97FD2768629200726A7F /* AppDelegate.swift */ = {isa = PBXFileReference; lastKnownFileType = sourcecode.swift; path = AppDelegate.swift; sourceTree = "<group>"; };
		8FCE97FF2768629200726A7F /* SceneDelegate.swift */ = {isa = PBXFileReference; lastKnownFileType = sourcecode.swift; path = SceneDelegate.swift; sourceTree = "<group>"; };
		8FCE98012768629200726A7F /* ViewController.swift */ = {isa = PBXFileReference; lastKnownFileType = sourcecode.swift; path = ViewController.swift; sourceTree = "<group>"; };
		8FCE98042768629200726A7F /* Base */ = {isa = PBXFileReference; lastKnownFileType = file.storyboard; name = Base; path = Base.lproj/Main.storyboard; sourceTree = "<group>"; };
		8FCE98062768629700726A7F /* Assets.xcassets */ = {isa = PBXFileReference; lastKnownFileType = folder.assetcatalog; path = Assets.xcassets; sourceTree = "<group>"; };
		8FCE98092768629700726A7F /* Base */ = {isa = PBXFileReference; lastKnownFileType = file.storyboard; name = Base; path = Base.lproj/LaunchScreen.storyboard; sourceTree = "<group>"; };
		8FCE980B2768629700726A7F /* Info.plist */ = {isa = PBXFileReference; lastKnownFileType = text.plist.xml; path = Info.plist; sourceTree = "<group>"; };
		8FCE98102768629700726A7F /* Project7Tests.xctest */ = {isa = PBXFileReference; explicitFileType = wrapper.cfbundle; includeInIndex = 0; path = Project7Tests.xctest; sourceTree = BUILT_PRODUCTS_DIR; };
		8FCE98142768629700726A7F /* Project7Tests.swift */ = {isa = PBXFileReference; lastKnownFileType = sourcecode.swift; path = Project7Tests.swift; sourceTree = "<group>"; };
		8FCE981A2768629700726A7F /* Project7UITests.xctest */ = {isa = PBXFileReference; explicitFileType = wrapper.cfbundle; includeInIndex = 0; path = Project7UITests.xctest; sourceTree = BUILT_PRODUCTS_DIR; };
		8FCE981E2768629700726A7F /* Project7UITests.swift */ = {isa = PBXFileReference; lastKnownFileType = sourcecode.swift; path = Project7UITests.swift; sourceTree = "<group>"; };
		8FCE98202768629700726A7F /* Project7UITestsLaunchTests.swift */ = {isa = PBXFileReference; lastKnownFileType = sourcecode.swift; path = Project7UITestsLaunchTests.swift; sourceTree = "<group>"; };
		8FCE982D276865A700726A7F /* petition.swift */ = {isa = PBXFileReference; lastKnownFileType = sourcecode.swift; path = petition.swift; sourceTree = "<group>"; };
		8FCE982F2768662D00726A7F /* Petitions.swift */ = {isa = PBXFileReference; lastKnownFileType = sourcecode.swift; path = Petitions.swift; sourceTree = "<group>"; };
/* End PBXFileReference section */

/* Begin PBXFrameworksBuildPhase section */
		8FCE97F72768629200726A7F /* Frameworks */ = {
			isa = PBXFrameworksBuildPhase;
			buildActionMask = 2147483647;
			files = (
			);
			runOnlyForDeploymentPostprocessing = 0;
		};
		8FCE980D2768629700726A7F /* Frameworks */ = {
			isa = PBXFrameworksBuildPhase;
			buildActionMask = 2147483647;
			files = (
			);
			runOnlyForDeploymentPostprocessing = 0;
		};
		8FCE98172768629700726A7F /* Frameworks */ = {
			isa = PBXFrameworksBuildPhase;
			buildActionMask = 2147483647;
			files = (
			);
			runOnlyForDeploymentPostprocessing = 0;
		};
/* End PBXFrameworksBuildPhase section */

/* Begin PBXGroup section */
		8FCE97F12768629200726A7F = {
			isa = PBXGroup;
			children = (
				8FCE97FC2768629200726A7F /* Project7 */,
				8FCE98132768629700726A7F /* Project7Tests */,
				8FCE981D2768629700726A7F /* Project7UITests */,
				8FCE97FB2768629200726A7F /* Products */,
			);
			sourceTree = "<group>";
		};
		8FCE97FB2768629200726A7F /* Products */ = {
			isa = PBXGroup;
			children = (
				8FCE97FA2768629200726A7F /* Project7.app */,
				8FCE98102768629700726A7F /* Project7Tests.xctest */,
				8FCE981A2768629700726A7F /* Project7UITests.xctest */,
			);
			name = Products;
			sourceTree = "<group>";
		};
		8FCE97FC2768629200726A7F /* Project7 */ = {
			isa = PBXGroup;
			children = (
				8FCE97FD2768629200726A7F /* AppDelegate.swift */,
				8FCE97FF2768629200726A7F /* SceneDelegate.swift */,
				8FCE98012768629200726A7F /* ViewController.swift */,
				8FCE982D276865A700726A7F /* petition.swift */,
				8FCE982F2768662D00726A7F /* Petitions.swift */,
				8FCE98032768629200726A7F /* Main.storyboard */,
				8FCE98062768629700726A7F /* Assets.xcassets */,
				8FCE98082768629700726A7F /* LaunchScreen.storyboard */,
				8FCE980B2768629700726A7F /* Info.plist */,
			);
			path = Project7;
			sourceTree = "<group>";
		};
		8FCE98132768629700726A7F /* Project7Tests */ = {
			isa = PBXGroup;
			children = (
				8FCE98142768629700726A7F /* Project7Tests.swift */,
			);
			path = Project7Tests;
			sourceTree = "<group>";
		};
		8FCE981D2768629700726A7F /* Project7UITests */ = {
			isa = PBXGroup;
			children = (
				8FCE981E2768629700726A7F /* Project7UITests.swift */,
				8FCE98202768629700726A7F /* Project7UITestsLaunchTests.swift */,
			);
			path = Project7UITests;
			sourceTree = "<group>";
		};
/* End PBXGroup section */

/* Begin PBXNativeTarget section */
		8FCE97F92768629200726A7F /* Project7 */ = {
			isa = PBXNativeTarget;
			buildConfigurationList = 8FCE98242768629700726A7F /* Build configuration list for PBXNativeTarget "Project7" */;
			buildPhases = (
				8FCE97F62768629200726A7F /* Sources */,
				8FCE97F72768629200726A7F /* Frameworks */,
				8FCE97F82768629200726A7F /* Resources */,
			);
			buildRules = (
			);
			dependencies = (
			);
			name = Project7;
			productName = Project7;
			productReference = 8FCE97FA2768629200726A7F /* Project7.app */;
			productType = "com.apple.product-type.application";
		};
		8FCE980F2768629700726A7F /* Project7Tests */ = {
			isa = PBXNativeTarget;
			buildConfigurationList = 8FCE98272768629700726A7F /* Build configuration list for PBXNativeTarget "Project7Tests" */;
			buildPhases = (
				8FCE980C2768629700726A7F /* Sources */,
				8FCE980D2768629700726A7F /* Frameworks */,
				8FCE980E2768629700726A7F /* Resources */,
			);
			buildRules = (
			);
			dependencies = (
				8FCE98122768629700726A7F /* PBXTargetDependency */,
			);
			name = Project7Tests;
			productName = Project7Tests;
			productReference = 8FCE98102768629700726A7F /* Project7Tests.xctest */;
			productType = "com.apple.product-type.bundle.unit-test";
		};
		8FCE98192768629700726A7F /* Project7UITests */ = {
			isa = PBXNativeTarget;
			buildConfigurationList = 8FCE982A2768629700726A7F /* Build configuration list for PBXNativeTarget "Project7UITests" */;
			buildPhases = (
				8FCE98162768629700726A7F /* Sources */,
				8FCE98172768629700726A7F /* Frameworks */,
				8FCE98182768629700726A7F /* Resources */,
			);
			buildRules = (
			);
			dependencies = (
				8FCE981C2768629700726A7F /* PBXTargetDependency */,
			);
			name = Project7UITests;
			productName = Project7UITests;
			productReference = 8FCE981A2768629700726A7F /* Project7UITests.xctest */;
			productType = "com.apple.product-type.bundle.ui-testing";
		};
/* End PBXNativeTarget section */

/* Begin PBXProject section */
		8FCE97F22768629200726A7F /* Project object */ = {
			isa = PBXProject;
			attributes = {
				BuildIndependentTargetsInParallel = 1;
				LastSwiftUpdateCheck = 1310;
				LastUpgradeCheck = 1310;
				TargetAttributes = {
					8FCE97F92768629200726A7F = {
						CreatedOnToolsVersion = 13.1;
					};
					8FCE980F2768629700726A7F = {
						CreatedOnToolsVersion = 13.1;
						TestTargetID = 8FCE97F92768629200726A7F;
					};
					8FCE98192768629700726A7F = {
						CreatedOnToolsVersion = 13.1;
						TestTargetID = 8FCE97F92768629200726A7F;
					};
				};
			};
			buildConfigurationList = 8FCE97F52768629200726A7F /* Build configuration list for PBXProject "Project7" */;
			compatibilityVersion = "Xcode 13.0";
			developmentRegion = en;
			hasScannedForEncodings = 0;
			knownRegions = (
				en,
				Base,
			);
			mainGroup = 8FCE97F12768629200726A7F;
			productRefGroup = 8FCE97FB2768629200726A7F /* Products */;
			projectDirPath = "";
			projectRoot = "";
			targets = (
				8FCE97F92768629200726A7F /* Project7 */,
				8FCE980F2768629700726A7F /* Project7Tests */,
				8FCE98192768629700726A7F /* Project7UITests */,
			);
		};
/* End PBXProject section */

/* Begin PBXResourcesBuildPhase section */
		8FCE97F82768629200726A7F /* Resources */ = {
			isa = PBXResourcesBuildPhase;
			buildActionMask = 2147483647;
			files = (
				8FCE980A2768629700726A7F /* LaunchScreen.storyboard in Resources */,
				8FCE98072768629700726A7F /* Assets.xcassets in Resources */,
				8FCE98052768629200726A7F /* Main.storyboard in Resources */,
			);
			runOnlyForDeploymentPostprocessing = 0;
		};
		8FCE980E2768629700726A7F /* Resources */ = {
			isa = PBXResourcesBuildPhase;
			buildActionMask = 2147483647;
			files = (
			);
			runOnlyForDeploymentPostprocessing = 0;
		};
		8FCE98182768629700726A7F /* Resources */ = {
			isa = PBXResourcesBuildPhase;
			buildActionMask = 2147483647;
			files = (
			);
			runOnlyForDeploymentPostprocessing = 0;
		};
/* End PBXResourcesBuildPhase section */

/* Begin PBXSourcesBuildPhase section */
		8FCE97F62768629200726A7F /* Sources */ = {
			isa = PBXSourcesBuildPhase;
			buildActionMask = 2147483647;
			files = (
				8FCE98022768629200726A7F /* ViewController.swift in Sources */,
				8FCE982E276865A700726A7F /* petition.swift in Sources */,
				8FCE97FE2768629200726A7F /* AppDelegate.swift in Sources */,
				8FCE98002768629200726A7F /* SceneDelegate.swift in Sources */,
				8FCE98302768662D00726A7F /* Petitions.swift in Sources */,
			);
			runOnlyForDeploymentPostprocessing = 0;
		};
		8FCE980C2768629700726A7F /* Sources */ = {
			isa = PBXSourcesBuildPhase;
			buildActionMask = 2147483647;
			files = (
				8FCE98152768629700726A7F /* Project7Tests.swift in Sources */,
			);
			runOnlyForDeploymentPostprocessing = 0;
		};
		8FCE98162768629700726A7F /* Sources */ = {
			isa = PBXSourcesBuildPhase;
			buildActionMask = 2147483647;
			files = (
				8FCE98212768629700726A7F /* Project7UITestsLaunchTests.swift in Sources */,
				8FCE981F2768629700726A7F /* Project7UITests.swift in Sources */,
			);
			runOnlyForDeploymentPostprocessing = 0;
		};
/* End PBXSourcesBuildPhase section */

/* Begin PBXTargetDependency section */
		8FCE98122768629700726A7F /* PBXTargetDependency */ = {
			isa = PBXTargetDependency;
			target = 8FCE97F92768629200726A7F /* Project7 */;
			targetProxy = 8FCE98112768629700726A7F /* PBXContainerItemProxy */;
		};
		8FCE981C2768629700726A7F /* PBXTargetDependency */ = {
			isa = PBXTargetDependency;
			target = 8FCE97F92768629200726A7F /* Project7 */;
			targetProxy = 8FCE981B2768629700726A7F /* PBXContainerItemProxy */;
		};
/* End PBXTargetDependency section */

/* Begin PBXVariantGroup section */
		8FCE98032768629200726A7F /* Main.storyboard */ = {
			isa = PBXVariantGroup;
			children = (
				8FCE98042768629200726A7F /* Base */,
			);
			name = Main.storyboard;
			sourceTree = "<group>";
		};
		8FCE98082768629700726A7F /* LaunchScreen.storyboard */ = {
			isa = PBXVariantGroup;
			children = (
				8FCE98092768629700726A7F /* Base */,
			);
			name = LaunchScreen.storyboard;
			sourceTree = "<group>";
		};
/* End PBXVariantGroup section */

/* Begin XCBuildConfiguration section */
		8FCE98222768629700726A7F /* Debug */ = {
			isa = XCBuildConfiguration;
			buildSettings = {
				ALWAYS_SEARCH_USER_PATHS = NO;
				CLANG_ANALYZER_NONNULL = YES;
				CLANG_ANALYZER_NUMBER_OBJECT_CONVERSION = YES_AGGRESSIVE;
				CLANG_CXX_LANGUAGE_STANDARD = "gnu++17";
				CLANG_CXX_LIBRARY = "libc++";
				CLANG_ENABLE_MODULES = YES;
				CLANG_ENABLE_OBJC_ARC = YES;
				CLANG_ENABLE_OBJC_WEAK = YES;
				CLANG_WARN_BLOCK_CAPTURE_AUTORELEASING = YES;
				CLANG_WARN_BOOL_CONVERSION = YES;
				CLANG_WARN_COMMA = YES;
				CLANG_WARN_CONSTANT_CONVERSION = YES;
				CLANG_WARN_DEPRECATED_OBJC_IMPLEMENTATIONS = YES;
				CLANG_WARN_DIRECT_OBJC_ISA_USAGE = YES_ERROR;
				CLANG_WARN_DOCUMENTATION_COMMENTS = YES;
				CLANG_WARN_EMPTY_BODY = YES;
				CLANG_WARN_ENUM_CONVERSION = YES;
				CLANG_WARN_INFINITE_RECURSION = YES;
				CLANG_WARN_INT_CONVERSION = YES;
				CLANG_WARN_NON_LITERAL_NULL_CONVERSION = YES;
				CLANG_WARN_OBJC_IMPLICIT_RETAIN_SELF = YES;
				CLANG_WARN_OBJC_LITERAL_CONVERSION = YES;
				CLANG_WARN_OBJC_ROOT_CLASS = YES_ERROR;
				CLANG_WARN_QUOTED_INCLUDE_IN_FRAMEWORK_HEADER = YES;
				CLANG_WARN_RANGE_LOOP_ANALYSIS = YES;
				CLANG_WARN_STRICT_PROTOTYPES = YES;
				CLANG_WARN_SUSPICIOUS_MOVE = YES;
				CLANG_WARN_UNGUARDED_AVAILABILITY = YES_AGGRESSIVE;
				CLANG_WARN_UNREACHABLE_CODE = YES;
				CLANG_WARN__DUPLICATE_METHOD_MATCH = YES;
				COPY_PHASE_STRIP = NO;
				DEBUG_INFORMATION_FORMAT = dwarf;
				ENABLE_STRICT_OBJC_MSGSEND = YES;
				ENABLE_TESTABILITY = YES;
				GCC_C_LANGUAGE_STANDARD = gnu11;
				GCC_DYNAMIC_NO_PIC = NO;
				GCC_NO_COMMON_BLOCKS = YES;
				GCC_OPTIMIZATION_LEVEL = 0;
				GCC_PREPROCESSOR_DEFINITIONS = (
					"DEBUG=1",
					"$(inherited)",
				);
				GCC_WARN_64_TO_32_BIT_CONVERSION = YES;
				GCC_WARN_ABOUT_RETURN_TYPE = YES_ERROR;
				GCC_WARN_UNDECLARED_SELECTOR = YES;
				GCC_WARN_UNINITIALIZED_AUTOS = YES_AGGRESSIVE;
				GCC_WARN_UNUSED_FUNCTION = YES;
				GCC_WARN_UNUSED_VARIABLE = YES;
				IPHONEOS_DEPLOYMENT_TARGET = 15.0;
				MTL_ENABLE_DEBUG_INFO = INCLUDE_SOURCE;
				MTL_FAST_MATH = YES;
				ONLY_ACTIVE_ARCH = YES;
				SDKROOT = iphoneos;
				SWIFT_ACTIVE_COMPILATION_CONDITIONS = DEBUG;
				SWIFT_OPTIMIZATION_LEVEL = "-Onone";
			};
			name = Debug;
		};
		8FCE98232768629700726A7F /* Release */ = {
			isa = XCBuildConfiguration;
			buildSettings = {
				ALWAYS_SEARCH_USER_PATHS = NO;
				CLANG_ANALYZER_NONNULL = YES;
				CLANG_ANALYZER_NUMBER_OBJECT_CONVERSION = YES_AGGRESSIVE;
				CLANG_CXX_LANGUAGE_STANDARD = "gnu++17";
				CLANG_CXX_LIBRARY = "libc++";
				CLANG_ENABLE_MODULES = YES;
				CLANG_ENABLE_OBJC_ARC = YES;
				CLANG_ENABLE_OBJC_WEAK = YES;
				CLANG_WARN_BLOCK_CAPTURE_AUTORELEASING = YES;
				CLANG_WARN_BOOL_CONVERSION = YES;
				CLANG_WARN_COMMA = YES;
				CLANG_WARN_CONSTANT_CONVERSION = YES;
				CLANG_WARN_DEPRECATED_OBJC_IMPLEMENTATIONS = YES;
				CLANG_WARN_DIRECT_OBJC_ISA_USAGE = YES_ERROR;
				CLANG_WARN_DOCUMENTATION_COMMENTS = YES;
				CLANG_WARN_EMPTY_BODY = YES;
				CLANG_WARN_ENUM_CONVERSION = YES;
				CLANG_WARN_INFINITE_RECURSION = YES;
				CLANG_WARN_INT_CONVERSION = YES;
				CLANG_WARN_NON_LITERAL_NULL_CONVERSION = YES;
				CLANG_WARN_OBJC_IMPLICIT_RETAIN_SELF = YES;
				CLANG_WARN_OBJC_LITERAL_CONVERSION = YES;
				CLANG_WARN_OBJC_ROOT_CLASS = YES_ERROR;
				CLANG_WARN_QUOTED_INCLUDE_IN_FRAMEWORK_HEADER = YES;
				CLANG_WARN_RANGE_LOOP_ANALYSIS = YES;
				CLANG_WARN_STRICT_PROTOTYPES = YES;
				CLANG_WARN_SUSPICIOUS_MOVE = YES;
				CLANG_WARN_UNGUARDED_AVAILABILITY = YES_AGGRESSIVE;
				CLANG_WARN_UNREACHABLE_CODE = YES;
				CLANG_WARN__DUPLICATE_METHOD_MATCH = YES;
				COPY_PHASE_STRIP = NO;
				DEBUG_INFORMATION_FORMAT = "dwarf-with-dsym";
				ENABLE_NS_ASSERTIONS = NO;
				ENABLE_STRICT_OBJC_MSGSEND = YES;
				GCC_C_LANGUAGE_STANDARD = gnu11;
				GCC_NO_COMMON_BLOCKS = YES;
				GCC_WARN_64_TO_32_BIT_CONVERSION = YES;
				GCC_WARN_ABOUT_RETURN_TYPE = YES_ERROR;
				GCC_WARN_UNDECLARED_SELECTOR = YES;
				GCC_WARN_UNINITIALIZED_AUTOS = YES_AGGRESSIVE;
				GCC_WARN_UNUSED_FUNCTION = YES;
				GCC_WARN_UNUSED_VARIABLE = YES;
				IPHONEOS_DEPLOYMENT_TARGET = 15.0;
				MTL_ENABLE_DEBUG_INFO = NO;
				MTL_FAST_MATH = YES;
				SDKROOT = iphoneos;
				SWIFT_COMPILATION_MODE = wholemodule;
				SWIFT_OPTIMIZATION_LEVEL = "-O";
				VALIDATE_PRODUCT = YES;
			};
			name = Release;
		};
		8FCE98252768629700726A7F /* Debug */ = {
			isa = XCBuildConfiguration;
			buildSettings = {
				ASSETCATALOG_COMPILER_APPICON_NAME = AppIcon;
				ASSETCATALOG_COMPILER_GLOBAL_ACCENT_COLOR_NAME = AccentColor;
				CODE_SIGN_STYLE = Automatic;
				CURRENT_PROJECT_VERSION = 1;
				DEVELOPMENT_TEAM = 8F6L8PBYP8;
				GENERATE_INFOPLIST_FILE = YES;
				INFOPLIST_FILE = Project7/Info.plist;
				INFOPLIST_KEY_UIApplicationSupportsIndirectInputEvents = YES;
				INFOPLIST_KEY_UILaunchStoryboardName = LaunchScreen;
				INFOPLIST_KEY_UIMainStoryboardFile = Main;
				INFOPLIST_KEY_UISupportedInterfaceOrientations_iPad = "UIInterfaceOrientationPortrait UIInterfaceOrientationPortraitUpsideDown UIInterfaceOrientationLandscapeLeft UIInterfaceOrientationLandscapeRight";
				INFOPLIST_KEY_UISupportedInterfaceOrientations_iPhone = "UIInterfaceOrientationPortrait UIInterfaceOrientationLandscapeLeft UIInterfaceOrientationLandscapeRight";
				LD_RUNPATH_SEARCH_PATHS = (
					"$(inherited)",
					"@executable_path/Frameworks",
				);
				MARKETING_VERSION = 1.0;
				PRODUCT_BUNDLE_IDENTIFIER = noahglaser.com.Project7;
				PRODUCT_NAME = "$(TARGET_NAME)";
				SWIFT_EMIT_LOC_STRINGS = YES;
				SWIFT_VERSION = 5.0;
				TARGETED_DEVICE_FAMILY = "1,2";
			};
			name = Debug;
		};
		8FCE98262768629700726A7F /* Release */ = {
			isa = XCBuildConfiguration;
			buildSettings = {
				ASSETCATALOG_COMPILER_APPICON_NAME = AppIcon;
				ASSETCATALOG_COMPILER_GLOBAL_ACCENT_COLOR_NAME = AccentColor;
				CODE_SIGN_STYLE = Automatic;
				CURRENT_PROJECT_VERSION = 1;
				DEVELOPMENT_TEAM = 8F6L8PBYP8;
				GENERATE_INFOPLIST_FILE = YES;
				INFOPLIST_FILE = Project7/Info.plist;
				INFOPLIST_KEY_UIApplicationSupportsIndirectInputEvents = YES;
				INFOPLIST_KEY_UILaunchStoryboardName = LaunchScreen;
				INFOPLIST_KEY_UIMainStoryboardFile = Main;
				INFOPLIST_KEY_UISupportedInterfaceOrientations_iPad = "UIInterfaceOrientationPortrait UIInterfaceOrientationPortraitUpsideDown UIInterfaceOrientationLandscapeLeft UIInterfaceOrientationLandscapeRight";
				INFOPLIST_KEY_UISupportedInterfaceOrientations_iPhone = "UIInterfaceOrientationPortrait UIInterfaceOrientationLandscapeLeft UIInterfaceOrientationLandscapeRight";
				LD_RUNPATH_SEARCH_PATHS = (
					"$(inherited)",
					"@executable_path/Frameworks",
				);
				MARKETING_VERSION = 1.0;
				PRODUCT_BUNDLE_IDENTIFIER = noahglaser.com.Project7;
				PRODUCT_NAME = "$(TARGET_NAME)";
				SWIFT_EMIT_LOC_STRINGS = YES;
				SWIFT_VERSION = 5.0;
				TARGETED_DEVICE_FAMILY = "1,2";
			};
			name = Release;
		};
		8FCE98282768629700726A7F /* Debug */ = {
			isa = XCBuildConfiguration;
			buildSettings = {
				ALWAYS_EMBED_SWIFT_STANDARD_LIBRARIES = YES;
				BUNDLE_LOADER = "$(TEST_HOST)";
				CODE_SIGN_STYLE = Automatic;
				CURRENT_PROJECT_VERSION = 1;
				DEVELOPMENT_TEAM = 8F6L8PBYP8;
				GENERATE_INFOPLIST_FILE = YES;
				IPHONEOS_DEPLOYMENT_TARGET = 15.0;
				LD_RUNPATH_SEARCH_PATHS = (
					"$(inherited)",
					"@executable_path/Frameworks",
					"@loader_path/Frameworks",
				);
				MARKETING_VERSION = 1.0;
				PRODUCT_BUNDLE_IDENTIFIER = noahglaser.com.Project7Tests;
				PRODUCT_NAME = "$(TARGET_NAME)";
				SWIFT_EMIT_LOC_STRINGS = NO;
				SWIFT_VERSION = 5.0;
				TARGETED_DEVICE_FAMILY = "1,2";
				TEST_HOST = "$(BUILT_PRODUCTS_DIR)/Project7.app/Project7";
			};
			name = Debug;
		};
		8FCE98292768629700726A7F /* Release */ = {
			isa = XCBuildConfiguration;
			buildSettings = {
				ALWAYS_EMBED_SWIFT_STANDARD_LIBRARIES = YES;
				BUNDLE_LOADER = "$(TEST_HOST)";
				CODE_SIGN_STYLE = Automatic;
				CURRENT_PROJECT_VERSION = 1;
				DEVELOPMENT_TEAM = 8F6L8PBYP8;
				GENERATE_INFOPLIST_FILE = YES;
				IPHONEOS_DEPLOYMENT_TARGET = 15.0;
				LD_RUNPATH_SEARCH_PATHS = (
					"$(inherited)",
					"@executable_path/Frameworks",
					"@loader_path/Frameworks",
				);
				MARKETING_VERSION = 1.0;
				PRODUCT_BUNDLE_IDENTIFIER = noahglaser.com.Project7Tests;
				PRODUCT_NAME = "$(TARGET_NAME)";
				SWIFT_EMIT_LOC_STRINGS = NO;
				SWIFT_VERSION = 5.0;
				TARGETED_DEVICE_FAMILY = "1,2";
				TEST_HOST = "$(BUILT_PRODUCTS_DIR)/Project7.app/Project7";
			};
			name = Release;
		};
		8FCE982B2768629700726A7F /* Debug */ = {
			isa = XCBuildConfiguration;
			buildSettings = {
				ALWAYS_EMBED_SWIFT_STANDARD_LIBRARIES = YES;
				CODE_SIGN_STYLE = Automatic;
				CURRENT_PROJECT_VERSION = 1;
				DEVELOPMENT_TEAM = 8F6L8PBYP8;
				GENERATE_INFOPLIST_FILE = YES;
				LD_RUNPATH_SEARCH_PATHS = (
					"$(inherited)",
					"@executable_path/Frameworks",
					"@loader_path/Frameworks",
				);
				MARKETING_VERSION = 1.0;
				PRODUCT_BUNDLE_IDENTIFIER = noahglaser.com.Project7UITests;
				PRODUCT_NAME = "$(TARGET_NAME)";
				SWIFT_EMIT_LOC_STRINGS = NO;
				SWIFT_VERSION = 5.0;
				TARGETED_DEVICE_FAMILY = "1,2";
				TEST_TARGET_NAME = Project7;
			};
			name = Debug;
		};
		8FCE982C2768629700726A7F /* Release */ = {
			isa = XCBuildConfiguration;
			buildSettings = {
				ALWAYS_EMBED_SWIFT_STANDARD_LIBRARIES = YES;
				CODE_SIGN_STYLE = Automatic;
				CURRENT_PROJECT_VERSION = 1;
				DEVELOPMENT_TEAM = 8F6L8PBYP8;
				GENERATE_INFOPLIST_FILE = YES;
				LD_RUNPATH_SEARCH_PATHS = (
					"$(inherited)",
					"@executable_path/Frameworks",
					"@loader_path/Frameworks",
				);
				MARKETING_VERSION = 1.0;
				PRODUCT_BUNDLE_IDENTIFIER = noahglaser.com.Project7UITests;
				PRODUCT_NAME = "$(TARGET_NAME)";
				SWIFT_EMIT_LOC_STRINGS = NO;
				SWIFT_VERSION = 5.0;
				TARGETED_DEVICE_FAMILY = "1,2";
				TEST_TARGET_NAME = Project7;
			};
			name = Release;
		};
/* End XCBuildConfiguration section */

/* Begin XCConfigurationList section */
		8FCE97F52768629200726A7F /* Build configuration list for PBXProject "Project7" */ = {
			isa = XCConfigurationList;
			buildConfigurations = (
				8FCE98222768629700726A7F /* Debug */,
				8FCE98232768629700726A7F /* Release */,
			);
			defaultConfigurationIsVisible = 0;
			defaultConfigurationName = Release;
		};
		8FCE98242768629700726A7F /* Build configuration list for PBXNativeTarget "Project7" */ = {
			isa = XCConfigurationList;
			buildConfigurations = (
				8FCE98252768629700726A7F /* Debug */,
				8FCE98262768629700726A7F /* Release */,
			);
			defaultConfigurationIsVisible = 0;
			defaultConfigurationName = Release;
		};
		8FCE98272768629700726A7F /* Build configuration list for PBXNativeTarget "Project7Tests" */ = {
			isa = XCConfigurationList;
			buildConfigurations = (
				8FCE98282768629700726A7F /* Debug */,
				8FCE98292768629700726A7F /* Release */,
			);
			defaultConfigurationIsVisible = 0;
			defaultConfigurationName = Release;
		};
		8FCE982A2768629700726A7F /* Build configuration list for PBXNativeTarget "Project7UITests" */ = {
			isa = XCConfigurationList;
			buildConfigurations = (
				8FCE982B2768629700726A7F /* Debug */,
				8FCE982C2768629700726A7F /* Release */,
			);
			defaultConfigurationIsVisible = 0;
			defaultConfigurationName = Release;
		};
/* End XCConfigurationList section */
	};
	rootObject = 8FCE97F22768629200726A7F /* Project object */;
}
